{
    "name": "base",
    "lockfileVersion": 2,
    "requires": true,
    "packages": {
        "": {
            "dependencies": {
                "@fortawesome/fontawesome-free": "5.15.3",
                "@popperjs/core": "2.9.2",
                "bootstrap": "5.0.2",
                "datatables.net": "1.10.25",
                "datatables.net-bs5": "1.10.25",
                "jquery": "3.6.0",
                "sweetalert2": "11.1.0"
            }
        },
        "node_modules/@fortawesome/fontawesome-free": {
            "version": "5.15.3",
            "resolved": "https://registry.npmjs.org/@fortawesome/fontawesome-free/-/fontawesome-free-5.15.3.tgz",
            "integrity": "sha512-rFnSUN/QOtnOAgqFRooTA3H57JLDm0QEG/jPdk+tLQNL/eWd+Aok8g3qCI+Q1xuDPWpGW/i9JySpJVsq8Q0s9w==",
            "hasInstallScript": true,
            "engines": {
                "node": ">=6"
            }
        },
        "node_modules/@popperjs/core": {
            "version": "2.9.2",
            "resolved": "https://registry.npmjs.org/@popperjs/core/-/core-2.9.2.tgz",
            "integrity": "sha512-VZMYa7+fXHdwIq1TDhSXoVmSPEGM/aa+6Aiq3nVVJ9bXr24zScr+NlKFKC3iPljA7ho/GAZr+d2jOf5GIRC30Q==",
            "funding": {
                "type": "opencollective",
                "url": "https://opencollective.com/popperjs"
            }
        },
        "node_modules/bootstrap": {
            "version": "5.0.2",
            "resolved": "https://registry.npmjs.org/bootstrap/-/bootstrap-5.0.2.tgz",
            "integrity": "sha512-1Ge963tyEQWJJ+8qtXFU6wgmAVj9gweEjibUdbmcCEYsn38tVwRk8107rk2vzt6cfQcRr3SlZ8aQBqaD8aqf+Q==",
            "funding": {
                "type": "opencollective",
                "url": "https://opencollective.com/bootstrap"
            },
            "peerDependencies": {
                "@popperjs/core": "^2.9.2"
            }
        },
        "node_modules/datatables.net": {
            "version": "1.10.25",
            "resolved": "https://registry.npmjs.org/datatables.net/-/datatables.net-1.10.25.tgz",
            "integrity": "sha512-y0+C7all+MC/h1acwnjErhaJPjYGKpWTvbXrfEUbR8+P+nnhgjNn5nL1udgsTwBObMhlj1KITNBRrM/ZLSoj+Q==",
            "dependencies": {
                "jquery": ">=1.7"
            }
        },
        "node_modules/datatables.net-bs5": {
            "version": "1.10.25",
            "resolved": "https://registry.npmjs.org/datatables.net-bs5/-/datatables.net-bs5-1.10.25.tgz",
            "integrity": "sha512-SiONLsCrVOuSZm8AcKcMrpo9ZriCdtuf9udzxwK92yrI2a+mnuSi0EreG35Rcq1ORRELqrp3/2o+qcTHo7fSsg==",
            "dependencies": {
                "datatables.net": "^1.10.15",
                "jquery": ">=1.7"
            }
        },
        "node_modules/jquery": {
            "version": "3.6.0",
            "resolved": "https://registry.npmjs.org/jquery/-/jquery-3.6.0.tgz",
            "integrity": "sha512-JVzAR/AjBvVt2BmYhxRCSYysDsPcssdmTFnzyLEts9qNwmjmu4JTAMYubEfwVOSwpQ1I1sKKFcxhZCI2buerfw=="
        },
        "node_modules/sweetalert2": {
            "version": "11.1.0",
            "resolved": "https://registry.npmjs.org/sweetalert2/-/sweetalert2-11.1.0.tgz",
            "integrity": "sha512-gZKO1G7u/0Bu89CZ48AfYAecqRhz9Jp58BrBhuJYoaS/oaquLUuwmx3wrxiLaZhB5FDQlETPVt7OokJIHReJgQ==",
            "funding": {
                "url": "https://sweetalert2.github.io/#donations"
            }
        }
    },
    "dependencies": {
        "@fortawesome/fontawesome-free": {
            "version": "5.15.3",
            "resolved": "https://registry.npmjs.org/@fortawesome/fontawesome-free/-/fontawesome-free-5.15.3.tgz",
            "integrity": "sha512-rFnSUN/QOtnOAgqFRooTA3H57JLDm0QEG/jPdk+tLQNL/eWd+Aok8g3qCI+Q1xuDPWpGW/i9JySpJVsq8Q0s9w=="
        },
        "@popperjs/core": {
            "version": "2.9.2",
            "resolved": "https://registry.npmjs.org/@popperjs/core/-/core-2.9.2.tgz",
            "integrity": "sha512-VZMYa7+fXHdwIq1TDhSXoVmSPEGM/aa+6Aiq3nVVJ9bXr24zScr+NlKFKC3iPljA7ho/GAZr+d2jOf5GIRC30Q=="
        },
        "bootstrap": {
            "version": "5.0.2",
            "resolved": "https://registry.npmjs.org/bootstrap/-/bootstrap-5.0.2.tgz",
            "integrity": "sha512-1Ge963tyEQWJJ+8qtXFU6wgmAVj9gweEjibUdbmcCEYsn38tVwRk8107rk2vzt6cfQcRr3SlZ8aQBqaD8aqf+Q==",
            "requires": {}
        },
        "datatables.net": {
            "version": "1.10.25",
            "resolved": "https://registry.npmjs.org/datatables.net/-/datatables.net-1.10.25.tgz",
            "integrity": "sha512-y0+C7all+MC/h1acwnjErhaJPjYGKpWTvbXrfEUbR8+P+nnhgjNn5nL1udgsTwBObMhlj1KITNBRrM/ZLSoj+Q==",
            "requires": {
                "jquery": ">=1.7"
            }
        },
        "datatables.net-bs5": {
            "version": "1.10.25",
            "resolved": "https://registry.npmjs.org/datatables.net-bs5/-/datatables.net-bs5-1.10.25.tgz",
            "integrity": "sha512-SiONLsCrVOuSZm8AcKcMrpo9ZriCdtuf9udzxwK92yrI2a+mnuSi0EreG35Rcq1ORRELqrp3/2o+qcTHo7fSsg==",
            "requires": {
                "datatables.net": "^1.10.15",
                "jquery": ">=1.7"
            }
        },
        "jquery": {
            "version": "3.6.0",
            "resolved": "https://registry.npmjs.org/jquery/-/jquery-3.6.0.tgz",
            "integrity": "sha512-JVzAR/AjBvVt2BmYhxRCSYysDsPcssdmTFnzyLEts9qNwmjmu4JTAMYubEfwVOSwpQ1I1sKKFcxhZCI2buerfw=="
        },
        "sweetalert2": {
            "version": "11.1.0",
            "resolved": "https://registry.npmjs.org/sweetalert2/-/sweetalert2-11.1.0.tgz",
            "integrity": "sha512-gZKO1G7u/0Bu89CZ48AfYAecqRhz9Jp58BrBhuJYoaS/oaquLUuwmx3wrxiLaZhB5FDQlETPVt7OokJIHReJgQ=="
        }
    }
}
