{
	"requires": true,
	"lockfileVersion": 1,
	"dependencies": {
		"@fortawesome/fontawesome-free": {
			"version": "5.12.0",
			"resolved": "https://registry.npmjs.org/@fortawesome/fontawesome-free/-/fontawesome-free-5.12.0.tgz",
			"integrity": "sha512-vKDJUuE2GAdBERaQWmmtsciAMzjwNrROXA5KTGSZvayAsmuTGjam5z6QNqNPCwDfVljLWuov1nEC3mEQf/n6fQ=="
		},
		"bootstrap": {
			"version": "4.6.0",
			"resolved": "https://registry.npmjs.org/bootstrap/-/bootstrap-4.6.0.tgz",
			"integrity": "sha512-Io55IuQY3kydzHtbGvQya3H+KorS/M9rSNyfCGCg9WZ4pyT/lCxIlpJgG1GXW/PswzC84Tr2fBYi+7+jFVQQBw=="
		},
		"datatables.net": {
			"version": "1.10.24",
			"resolved": "https://registry.npmjs.org/datatables.net/-/datatables.net-1.10.24.tgz",
			"integrity": "sha512-CwXixvOdinvBCLXvcTloDinWiEM7Geaz+GwyjPrZL+MXIGPcLv4Op1bbWn8ErsI1JWMIWC8Cuf1rnDU2RrFV5w==",
			"requires": {
				"jquery": ">=1.7"
			}
		},
		"datatables.net-bs4": {
			"version": "1.10.24",
			"resolved": "https://registry.npmjs.org/datatables.net-bs4/-/datatables.net-bs4-1.10.24.tgz",
			"integrity": "sha512-NgjQMqCo5pg49c5TWsc78UYhcvWPAFkZ7qH4yKAb1e0eLNCAo+TLeaIsDiAPpcWwP7xpjdAmZIIbXDpspNTCkg==",
			"requires": {
				"datatables.net": "1.10.24",
				"jquery": ">=1.7"
			}
		},
		"datatables.net-fixedheader": {
			"version": "3.1.8",
			"resolved": "https://registry.npmjs.org/datatables.net-fixedheader/-/datatables.net-fixedheader-3.1.8.tgz",
			"integrity": "sha512-MLZgzkU6sGNSqlKuuJC/5/ps4xcmJQZILHqr5bOK/2kBEzCZzH+ZVOjudVRshnxkFn7IOTAOecMQHI6HPHFhag==",
			"requires": {
				"datatables.net": "^1.10.15",
				"jquery": ">=1.7"
			}
		},
		"datatables.net-responsive": {
			"version": "2.2.7",
			"resolved": "https://registry.npmjs.org/datatables.net-responsive/-/datatables.net-responsive-2.2.7.tgz",
			"integrity": "sha512-pjZcR+AHa0GE++giRhMBSxFLKrfjP+X7etj7oZMMfMTi1gcdYdM8YP3gmpEyfLjDEg6uPJb9PRH4mQHcc8OYyA==",
			"requires": {
				"datatables.net": "^1.10.15",
				"jquery": ">=1.7"
			}
		},
		"datatables.net-responsive-bs4": {
			"version": "2.2.7",
			"resolved": "https://registry.npmjs.org/datatables.net-responsive-bs4/-/datatables.net-responsive-bs4-2.2.7.tgz",
			"integrity": "sha512-RI2IeX9gk0mfmQOhlPF7xpEA7p7DavdCy3W0NrL9iZnE83xAYtJeKE5MFz7jt0XmOTUu2P93rGn+jJQwSWto2Q==",
			"requires": {
				"datatables.net-bs4": "^1.10.15",
				"datatables.net-responsive": "2.2.7",
				"jquery": ">=1.7"
			}
		},
		"jquery": {
			"version": "3.6.0",
			"resolved": "https://registry.npmjs.org/jquery/-/jquery-3.6.0.tgz",
			"integrity": "sha512-JVzAR/AjBvVt2BmYhxRCSYysDsPcssdmTFnzyLEts9qNwmjmu4JTAMYubEfwVOSwpQ1I1sKKFcxhZCI2buerfw=="
		},
		"jquery.easing": {
			"version": "1.4.1",
			"resolved": "https://registry.npmjs.org/jquery.easing/-/jquery.easing-1.4.1.tgz",
			"integrity": "sha1-R5gsWDa9dY/UhJSSPEoQHvbpPjs="
		},
		"sweetalert2": {
			"version": "9.17.2",
			"resolved": "https://registry.npmjs.org/sweetalert2/-/sweetalert2-9.17.2.tgz",
			"integrity": "sha512-HkpPZVMYsnhFUBLdy/LvkU9snggKP3VAuSVnPhVXjxdg02lWbFx0W8H3m7A+WMWw2diXZS1wIa4m67XkNxdvew=="
		}
	}
}
